{
  "name": "poker",
  "lockfileVersion": 2,
  "requires": true,
  "packages": {
    "": {
      "dependencies": {
        "cards": "^1.1.0"
      }
    },
    "node_modules/cards": {
      "version": "1.1.0",
      "resolved": "https://registry.npmjs.org/cards/-/cards-1.1.0.tgz",
      "integrity": "sha512-tH81OBDEE/gYjvQPj9pdH7iAWyq5JJFXEko5Z98k31NejYU2vspTUrQsuVvDzcW/46ru2fbFRKioAHaGuufD4w==",
      "dependencies": {
        "rand-utils": "^1.0.0"
      }
    },
    "node_modules/rand-utils": {
      "version": "1.0.0",
      "resolved": "https://registry.npmjs.org/rand-utils/-/rand-utils-1.0.0.tgz",
      "integrity": "sha1-PTu5IBVmzpFFDNN0oAgOee1oMyg=",
      "engines": {
        "node": ">=4.0.0"
      }
    }
  },
  "dependencies": {
    "cards": {
      "version": "1.1.0",
      "resolved": "https://registry.npmjs.org/cards/-/cards-1.1.0.tgz",
      "integrity": "sha512-tH81OBDEE/gYjvQPj9pdH7iAWyq5JJFXEko5Z98k31NejYU2vspTUrQsuVvDzcW/46ru2fbFRKioAHaGuufD4w==",
      "requires": {
        "rand-utils": "^1.0.0"
      }
    },
    "rand-utils": {
      "version": "1.0.0",
      "resolved": "https://registry.npmjs.org/rand-utils/-/rand-utils-1.0.0.tgz",
      "integrity": "sha1-PTu5IBVmzpFFDNN0oAgOee1oMyg="
    }
  }
}
