{
  "name": ".rtag",
  "lockfileVersion": 2,
  "requires": true,
  "packages": {
    "": {
      "dependencies": {
        "@msgpack/msgpack": "2.6.0",
        "axios": "0.21.1",
        "isomorphic-ws": "4.0.1",
        "jwt-decode": "3.1.2",
        "vue": "2.6.12",
        "vue-router": "3.5.1",
        "vue-select": "3.11.2",
        "vue-toasted": "1.1.28",
        "ws": "7.4.5"
      },
      "devDependencies": {
        "@types/vue-select": "3.11.1",
        "@types/ws": "7.4.2",
        "typescript": "4.2.4"
      }
    },
    "node_modules/@msgpack/msgpack": {
      "version": "2.6.0",
      "resolved": "https://registry.npmjs.org/@msgpack/msgpack/-/msgpack-2.6.0.tgz",
      "integrity": "sha512-CbKEhARMPl/CYNhIs4p0NgoNWspUQP45QxZoJ433ydSd2HTfzQ4WQyEpViJkEHKkRcPbV72FlFf3gtD9frzKTg==",
      "engines": {
        "node": ">= 10"
      }
    },
    "node_modules/@types/node": {
      "version": "15.6.1",
      "resolved": "https://registry.npmjs.org/@types/node/-/node-15.6.1.tgz",
      "integrity": "sha512-7EIraBEyRHEe7CH+Fm1XvgqU6uwZN8Q7jppJGcqjROMT29qhAuuOxYB1uEY5UMYQKEmA5D+5tBnhdaPXSsLONA==",
      "dev": true
    },
    "node_modules/@types/vue-select": {
      "version": "3.11.1",
      "resolved": "https://registry.npmjs.org/@types/vue-select/-/vue-select-3.11.1.tgz",
      "integrity": "sha512-7Ho92vg5smiwCQLF6KXp50TNCYEaotXTloxw3OB1cinRb8WKIEYVU7Xiu95ObdQDZyz1ghL8Pzx39blNoIl4wg==",
      "dev": true,
      "dependencies": {
        "vue": "^2.0.0"
      }
    },
    "node_modules/@types/ws": {
      "version": "7.4.2",
      "resolved": "https://registry.npmjs.org/@types/ws/-/ws-7.4.2.tgz",
      "integrity": "sha512-PbeN0Eydl7LQl4OIav29YmkO2LxbVuz3nZD/kb19lOS+wLgIkRbWMNmU/QQR7ABpOJ7D7xDOU8co7iohObewrw==",
      "dev": true,
      "dependencies": {
        "@types/node": "*"
      }
    },
    "node_modules/axios": {
      "version": "0.21.1",
      "resolved": "https://registry.npmjs.org/axios/-/axios-0.21.1.tgz",
      "integrity": "sha512-dKQiRHxGD9PPRIUNIWvZhPTPpl1rf/OxTYKsqKUDjBwYylTvV7SjSHJb9ratfyzM6wCdLCOYLzs73qpg5c4iGA==",
      "dependencies": {
        "follow-redirects": "^1.10.0"
      }
    },
    "node_modules/follow-redirects": {
      "version": "1.14.1",
      "resolved": "https://registry.npmjs.org/follow-redirects/-/follow-redirects-1.14.1.tgz",
      "integrity": "sha512-HWqDgT7ZEkqRzBvc2s64vSZ/hfOceEol3ac/7tKwzuvEyWx3/4UegXh5oBOIotkGsObyk3xznnSRVADBgWSQVg==",
      "funding": [
        {
          "type": "individual",
          "url": "https://github.com/sponsors/RubenVerborgh"
        }
      ],
      "engines": {
        "node": ">=4.0"
      },
      "peerDependenciesMeta": {
        "debug": {
          "optional": true
        }
      }
    },
    "node_modules/isomorphic-ws": {
      "version": "4.0.1",
      "resolved": "https://registry.npmjs.org/isomorphic-ws/-/isomorphic-ws-4.0.1.tgz",
      "integrity": "sha512-BhBvN2MBpWTaSHdWRb/bwdZJ1WaehQ2L1KngkCkfLUGF0mAWAT1sQUQacEmQ0jXkFw/czDXPNQSL5u2/Krsz1w==",
      "peerDependencies": {
        "ws": "*"
      }
    },
    "node_modules/jwt-decode": {
      "version": "3.1.2",
      "resolved": "https://registry.npmjs.org/jwt-decode/-/jwt-decode-3.1.2.tgz",
      "integrity": "sha512-UfpWE/VZn0iP50d8cz9NrZLM9lSWhcJ+0Gt/nm4by88UL+J1SiKN8/5dkjMmbEzwL2CAe+67GsegCbIKtbp75A=="
    },
    "node_modules/typescript": {
      "version": "4.2.4",
      "resolved": "https://registry.npmjs.org/typescript/-/typescript-4.2.4.tgz",
      "integrity": "sha512-V+evlYHZnQkaz8TRBuxTA92yZBPotr5H+WhQ7bD3hZUndx5tGOa1fuCgeSjxAzM1RiN5IzvadIXTVefuuwZCRg==",
      "dev": true,
      "bin": {
        "tsc": "bin/tsc",
        "tsserver": "bin/tsserver"
      },
      "engines": {
        "node": ">=4.2.0"
      }
    },
    "node_modules/vue": {
      "version": "2.6.12",
      "resolved": "https://registry.npmjs.org/vue/-/vue-2.6.12.tgz",
      "integrity": "sha512-uhmLFETqPPNyuLLbsKz6ioJ4q7AZHzD8ZVFNATNyICSZouqP2Sz0rotWQC8UNBF6VGSCs5abnKJoStA6JbCbfg=="
    },
    "node_modules/vue-router": {
      "version": "3.5.1",
      "resolved": "https://registry.npmjs.org/vue-router/-/vue-router-3.5.1.tgz",
      "integrity": "sha512-RRQNLT8Mzr8z7eL4p7BtKvRaTSGdCbTy2+Mm5HTJvLGYSSeG9gDzNasJPP/yOYKLy+/cLG/ftrqq5fvkFwBJEw=="
    },
    "node_modules/vue-select": {
      "version": "3.11.2",
      "resolved": "https://registry.npmjs.org/vue-select/-/vue-select-3.11.2.tgz",
      "integrity": "sha512-pIOcY8ajWNSwg8Ns4eHVr5ZWwqKCSZeQRymTnlUI8i+3QiQXF6JIM4lylK6mVfbccs4S6vOyxB7zmJBpp7tDUg==",
      "peerDependencies": {
        "vue": "2.x"
      }
    },
    "node_modules/vue-toasted": {
      "version": "1.1.28",
      "resolved": "https://registry.npmjs.org/vue-toasted/-/vue-toasted-1.1.28.tgz",
      "integrity": "sha512-UUzr5LX51UbbiROSGZ49GOgSzFxaMHK6L00JV8fir/CYNJCpIIvNZ5YmS4Qc8Y2+Z/4VVYRpeQL2UO0G800Raw=="
    },
    "node_modules/ws": {
      "version": "7.4.5",
      "resolved": "https://registry.npmjs.org/ws/-/ws-7.4.5.tgz",
      "integrity": "sha512-xzyu3hFvomRfXKH8vOFMU3OguG6oOvhXMo3xsGy3xWExqaM2dxBbVxuD99O7m3ZUFMvvscsZDqxfgMaRr/Nr1g==",
      "engines": {
        "node": ">=8.3.0"
      },
      "peerDependencies": {
        "bufferutil": "^4.0.1",
        "utf-8-validate": "^5.0.2"
      },
      "peerDependenciesMeta": {
        "bufferutil": {
          "optional": true
        },
        "utf-8-validate": {
          "optional": true
        }
      }
    }
  },
  "dependencies": {
    "@msgpack/msgpack": {
      "version": "2.6.0",
      "resolved": "https://registry.npmjs.org/@msgpack/msgpack/-/msgpack-2.6.0.tgz",
      "integrity": "sha512-CbKEhARMPl/CYNhIs4p0NgoNWspUQP45QxZoJ433ydSd2HTfzQ4WQyEpViJkEHKkRcPbV72FlFf3gtD9frzKTg=="
    },
    "@types/node": {
      "version": "15.6.1",
      "resolved": "https://registry.npmjs.org/@types/node/-/node-15.6.1.tgz",
      "integrity": "sha512-7EIraBEyRHEe7CH+Fm1XvgqU6uwZN8Q7jppJGcqjROMT29qhAuuOxYB1uEY5UMYQKEmA5D+5tBnhdaPXSsLONA==",
      "dev": true
    },
    "@types/vue-select": {
      "version": "3.11.1",
      "resolved": "https://registry.npmjs.org/@types/vue-select/-/vue-select-3.11.1.tgz",
      "integrity": "sha512-7Ho92vg5smiwCQLF6KXp50TNCYEaotXTloxw3OB1cinRb8WKIEYVU7Xiu95ObdQDZyz1ghL8Pzx39blNoIl4wg==",
      "dev": true,
      "requires": {
        "vue": "^2.0.0"
      }
    },
    "@types/ws": {
      "version": "7.4.2",
      "resolved": "https://registry.npmjs.org/@types/ws/-/ws-7.4.2.tgz",
      "integrity": "sha512-PbeN0Eydl7LQl4OIav29YmkO2LxbVuz3nZD/kb19lOS+wLgIkRbWMNmU/QQR7ABpOJ7D7xDOU8co7iohObewrw==",
      "dev": true,
      "requires": {
        "@types/node": "*"
      }
    },
    "axios": {
      "version": "0.21.1",
      "resolved": "https://registry.npmjs.org/axios/-/axios-0.21.1.tgz",
      "integrity": "sha512-dKQiRHxGD9PPRIUNIWvZhPTPpl1rf/OxTYKsqKUDjBwYylTvV7SjSHJb9ratfyzM6wCdLCOYLzs73qpg5c4iGA==",
      "requires": {
        "follow-redirects": "^1.10.0"
      }
    },
    "follow-redirects": {
      "version": "1.14.1",
      "resolved": "https://registry.npmjs.org/follow-redirects/-/follow-redirects-1.14.1.tgz",
      "integrity": "sha512-HWqDgT7ZEkqRzBvc2s64vSZ/hfOceEol3ac/7tKwzuvEyWx3/4UegXh5oBOIotkGsObyk3xznnSRVADBgWSQVg=="
    },
    "isomorphic-ws": {
      "version": "4.0.1",
      "resolved": "https://registry.npmjs.org/isomorphic-ws/-/isomorphic-ws-4.0.1.tgz",
      "integrity": "sha512-BhBvN2MBpWTaSHdWRb/bwdZJ1WaehQ2L1KngkCkfLUGF0mAWAT1sQUQacEmQ0jXkFw/czDXPNQSL5u2/Krsz1w==",
      "requires": {}
    },
    "jwt-decode": {
      "version": "3.1.2",
      "resolved": "https://registry.npmjs.org/jwt-decode/-/jwt-decode-3.1.2.tgz",
      "integrity": "sha512-UfpWE/VZn0iP50d8cz9NrZLM9lSWhcJ+0Gt/nm4by88UL+J1SiKN8/5dkjMmbEzwL2CAe+67GsegCbIKtbp75A=="
    },
    "typescript": {
      "version": "4.2.4",
      "resolved": "https://registry.npmjs.org/typescript/-/typescript-4.2.4.tgz",
      "integrity": "sha512-V+evlYHZnQkaz8TRBuxTA92yZBPotr5H+WhQ7bD3hZUndx5tGOa1fuCgeSjxAzM1RiN5IzvadIXTVefuuwZCRg==",
      "dev": true
    },
    "vue": {
      "version": "2.6.12",
      "resolved": "https://registry.npmjs.org/vue/-/vue-2.6.12.tgz",
      "integrity": "sha512-uhmLFETqPPNyuLLbsKz6ioJ4q7AZHzD8ZVFNATNyICSZouqP2Sz0rotWQC8UNBF6VGSCs5abnKJoStA6JbCbfg=="
    },
    "vue-router": {
      "version": "3.5.1",
      "resolved": "https://registry.npmjs.org/vue-router/-/vue-router-3.5.1.tgz",
      "integrity": "sha512-RRQNLT8Mzr8z7eL4p7BtKvRaTSGdCbTy2+Mm5HTJvLGYSSeG9gDzNasJPP/yOYKLy+/cLG/ftrqq5fvkFwBJEw=="
    },
    "vue-select": {
      "version": "3.11.2",
      "resolved": "https://registry.npmjs.org/vue-select/-/vue-select-3.11.2.tgz",
      "integrity": "sha512-pIOcY8ajWNSwg8Ns4eHVr5ZWwqKCSZeQRymTnlUI8i+3QiQXF6JIM4lylK6mVfbccs4S6vOyxB7zmJBpp7tDUg==",
      "requires": {}
    },
    "vue-toasted": {
      "version": "1.1.28",
      "resolved": "https://registry.npmjs.org/vue-toasted/-/vue-toasted-1.1.28.tgz",
      "integrity": "sha512-UUzr5LX51UbbiROSGZ49GOgSzFxaMHK6L00JV8fir/CYNJCpIIvNZ5YmS4Qc8Y2+Z/4VVYRpeQL2UO0G800Raw=="
    },
    "ws": {
      "version": "7.4.5",
      "resolved": "https://registry.npmjs.org/ws/-/ws-7.4.5.tgz",
      "integrity": "sha512-xzyu3hFvomRfXKH8vOFMU3OguG6oOvhXMo3xsGy3xWExqaM2dxBbVxuD99O7m3ZUFMvvscsZDqxfgMaRr/Nr1g==",
      "requires": {}
    }
  }
}
